
Microsoft Visual Studio Solution File, Format Version 12.00
# Visual Studio Version 16
VisualStudioVersion = 16.0.32228.343
MinimumVisualStudioVersion = 10.0.40219.1
Project("{FAE04EC0-301F-11D3-BF4B-00C04F79EFBC}") = "MyNotes", "MyNotes\MyNotes.csproj", "{F63B8ADF-F36F-4B32-9376-2D4A8062E5FC}"
EndProject
Project("{FAE04EC0-301F-11D3-BF4B-00C04F79EFBC}") = "AdminNotes", "AdminNotes\AdminNotes.csproj", "{C9299E52-C59C-4C3F-BAC2-6C85BB0EAE6E}"
EndProject
Global
	GlobalSection(SolutionConfigurationPlatforms) = preSolution
		Debug|Any CPU = Debug|Any CPU
		Release|Any CPU = Release|Any CPU
	EndGlobalSection
	GlobalSection(ProjectConfigurationPlatforms) = postSolution
		{F63B8ADF-F36F-4B32-9376-2D4A8062E5FC}.Debug|Any CPU.ActiveCfg = Debug|Any CPU
		{F63B8ADF-F36F-4B32-9376-2D4A8062E5FC}.Debug|Any CPU.Build.0 = Debug|Any CPU
		{F63B8ADF-F36F-4B32-9376-2D4A8062E5FC}.Release|Any CPU.ActiveCfg = Release|Any CPU
		{F63B8ADF-F36F-4B32-9376-2D4A8062E5FC}.Release|Any CPU.Build.0 = Release|Any CPU
		{C9299E52-C59C-4C3F-BAC2-6C85BB0EAE6E}.Debug|Any CPU.ActiveCfg = Debug|Any CPU
		{C9299E52-C59C-4C3F-BAC2-6C85BB0EAE6E}.Debug|Any CPU.Build.0 = Debug|Any CPU
		{C9299E52-C59C-4C3F-BAC2-6C85BB0EAE6E}.Release|Any CPU.ActiveCfg = Release|Any CPU
		{C9299E52-C59C-4C3F-BAC2-6C85BB0EAE6E}.Release|Any CPU.Build.0 = Release|Any CPU
	EndGlobalSection
	GlobalSection(SolutionProperties) = preSolution
		HideSolutionNode = FALSE
	EndGlobalSection
	GlobalSection(ExtensibilityGlobals) = postSolution
		SolutionGuid = {C9CB4CBF-AA2F-47F4-A7C4-2094B544EE22}
	EndGlobalSection
EndGlobal
